
Microsoft Visual Studio Solution File, Format Version 12.00
# Visual Studio Version 16
VisualStudioVersion = 16.0.31205.134
MinimumVisualStudioVersion = 10.0.40219.1
Project("{FAE04EC0-301F-11D3-BF4B-00C04F79EFBC}") = "CS013_TypeConversion", "CS013_TypeConversion\CS013_TypeConversion.csproj", "{329EBC84-FFD3-41C2-8C02-C53FF85C07B8}"
EndProject
Global
	GlobalSection(SolutionConfigurationPlatforms) = preSolution
		Debug|Any CPU = Debug|Any CPU
		Release|Any CPU = Release|Any CPU
	EndGlobalSection
	GlobalSection(ProjectConfigurationPlatforms) = postSolution
		{329EBC84-FFD3-41C2-8C02-C53FF85C07B8}.Debug|Any CPU.ActiveCfg = Debug|Any CPU
		{329EBC84-FFD3-41C2-8C02-C53FF85C07B8}.Debug|Any CPU.Build.0 = Debug|Any CPU
		{329EBC84-FFD3-41C2-8C02-C53FF85C07B8}.Release|Any CPU.ActiveCfg = Release|Any CPU
		{329EBC84-FFD3-41C2-8C02-C53FF85C07B8}.Release|Any CPU.Build.0 = Release|Any CPU
	EndGlobalSection
	GlobalSection(SolutionProperties) = preSolution
		HideSolutionNode = FALSE
	EndGlobalSection
	GlobalSection(ExtensibilityGlobals) = postSolution
		SolutionGuid = {F3A0BA88-9F4F-4109-85EC-1B9FEBF66CBB}
	EndGlobalSection
EndGlobal
