
Microsoft Visual Studio Solution File, Format Version 12.00
# Visual Studio Version 16
VisualStudioVersion = 16.0.31205.134
MinimumVisualStudioVersion = 10.0.40219.1
Project("{FAE04EC0-301F-11D3-BF4B-00C04F79EFBC}") = "CS017_ArithmeticOperators", "CS017_ArithmeticOperators\CS017_ArithmeticOperators.csproj", "{28CF8F87-EDE9-4529-B23C-858EBAF1A85C}"
EndProject
Global
	GlobalSection(SolutionConfigurationPlatforms) = preSolution
		Debug|Any CPU = Debug|Any CPU
		Release|Any CPU = Release|Any CPU
	EndGlobalSection
	GlobalSection(ProjectConfigurationPlatforms) = postSolution
		{28CF8F87-EDE9-4529-B23C-858EBAF1A85C}.Debug|Any CPU.ActiveCfg = Debug|Any CPU
		{28CF8F87-EDE9-4529-B23C-858EBAF1A85C}.Debug|Any CPU.Build.0 = Debug|Any CPU
		{28CF8F87-EDE9-4529-B23C-858EBAF1A85C}.Release|Any CPU.ActiveCfg = Release|Any CPU
		{28CF8F87-EDE9-4529-B23C-858EBAF1A85C}.Release|Any CPU.Build.0 = Release|Any CPU
	EndGlobalSection
	GlobalSection(SolutionProperties) = preSolution
		HideSolutionNode = FALSE
	EndGlobalSection
	GlobalSection(ExtensibilityGlobals) = postSolution
		SolutionGuid = {0D94E798-706A-42CE-9A99-ADA68ED3044D}
	EndGlobalSection
EndGlobal
