
Microsoft Visual Studio Solution File, Format Version 12.00
# Visual Studio Version 16
VisualStudioVersion = 16.0.31205.134
MinimumVisualStudioVersion = 10.0.40219.1
Project("{FAE04EC0-301F-11D3-BF4B-00C04F79EFBC}") = "CS024_CompoundAssignment", "CS024_CompoundAssignment\CS024_CompoundAssignment.csproj", "{557414C7-5E42-4C79-A038-8A8BFFA9BC50}"
EndProject
Global
	GlobalSection(SolutionConfigurationPlatforms) = preSolution
		Debug|Any CPU = Debug|Any CPU
		Release|Any CPU = Release|Any CPU
	EndGlobalSection
	GlobalSection(ProjectConfigurationPlatforms) = postSolution
		{557414C7-5E42-4C79-A038-8A8BFFA9BC50}.Debug|Any CPU.ActiveCfg = Debug|Any CPU
		{557414C7-5E42-4C79-A038-8A8BFFA9BC50}.Debug|Any CPU.Build.0 = Debug|Any CPU
		{557414C7-5E42-4C79-A038-8A8BFFA9BC50}.Release|Any CPU.ActiveCfg = Release|Any CPU
		{557414C7-5E42-4C79-A038-8A8BFFA9BC50}.Release|Any CPU.Build.0 = Release|Any CPU
	EndGlobalSection
	GlobalSection(SolutionProperties) = preSolution
		HideSolutionNode = FALSE
	EndGlobalSection
	GlobalSection(ExtensibilityGlobals) = postSolution
		SolutionGuid = {8FA6E86B-1CCB-4F6B-ADEB-CA1A8532BE09}
	EndGlobalSection
EndGlobal
