
Microsoft Visual Studio Solution File, Format Version 12.00
# Visual Studio Version 16
VisualStudioVersion = 16.0.31205.134
MinimumVisualStudioVersion = 10.0.40219.1
Project("{FAE04EC0-301F-11D3-BF4B-00C04F79EFBC}") = "CS012_FloatDoubleDecimal", "CS012_FloatDoubleDecimal\CS012_FloatDoubleDecimal.csproj", "{F93120D1-8355-40D5-A16C-DCC8477CAB95}"
EndProject
Global
	GlobalSection(SolutionConfigurationPlatforms) = preSolution
		Debug|Any CPU = Debug|Any CPU
		Release|Any CPU = Release|Any CPU
	EndGlobalSection
	GlobalSection(ProjectConfigurationPlatforms) = postSolution
		{F93120D1-8355-40D5-A16C-DCC8477CAB95}.Debug|Any CPU.ActiveCfg = Debug|Any CPU
		{F93120D1-8355-40D5-A16C-DCC8477CAB95}.Debug|Any CPU.Build.0 = Debug|Any CPU
		{F93120D1-8355-40D5-A16C-DCC8477CAB95}.Release|Any CPU.ActiveCfg = Release|Any CPU
		{F93120D1-8355-40D5-A16C-DCC8477CAB95}.Release|Any CPU.Build.0 = Release|Any CPU
	EndGlobalSection
	GlobalSection(SolutionProperties) = preSolution
		HideSolutionNode = FALSE
	EndGlobalSection
	GlobalSection(ExtensibilityGlobals) = postSolution
		SolutionGuid = {97A1E76B-01ED-440B-8674-537996752176}
	EndGlobalSection
EndGlobal
