
Microsoft Visual Studio Solution File, Format Version 12.00
# Visual Studio Version 16
VisualStudioVersion = 16.0.31205.134
MinimumVisualStudioVersion = 10.0.40219.1
Project("{FAE04EC0-301F-11D3-BF4B-00C04F79EFBC}") = "CS005_String", "CS005_String\CS005_String.csproj", "{375B3658-1120-46D5-8B82-5DCA4D650AF6}"
EndProject
Global
	GlobalSection(SolutionConfigurationPlatforms) = preSolution
		Debug|Any CPU = Debug|Any CPU
		Release|Any CPU = Release|Any CPU
	EndGlobalSection
	GlobalSection(ProjectConfigurationPlatforms) = postSolution
		{375B3658-1120-46D5-8B82-5DCA4D650AF6}.Debug|Any CPU.ActiveCfg = Debug|Any CPU
		{375B3658-1120-46D5-8B82-5DCA4D650AF6}.Debug|Any CPU.Build.0 = Debug|Any CPU
		{375B3658-1120-46D5-8B82-5DCA4D650AF6}.Release|Any CPU.ActiveCfg = Release|Any CPU
		{375B3658-1120-46D5-8B82-5DCA4D650AF6}.Release|Any CPU.Build.0 = Release|Any CPU
	EndGlobalSection
	GlobalSection(SolutionProperties) = preSolution
		HideSolutionNode = FALSE
	EndGlobalSection
	GlobalSection(ExtensibilityGlobals) = postSolution
		SolutionGuid = {0AA4F6C6-6214-4497-B35F-FFF6C9673259}
	EndGlobalSection
EndGlobal
