
Microsoft Visual Studio Solution File, Format Version 12.00
# Visual Studio Version 16
VisualStudioVersion = 16.0.31205.134
MinimumVisualStudioVersion = 10.0.40219.1
Project("{FAE04EC0-301F-11D3-BF4B-00C04F79EFBC}") = "CS003_Console_InOut", "CS003_Console_InOut\CS003_Console_InOut.csproj", "{8AAE6183-331D-49F5-95BF-F03C8F22E5C3}"
EndProject
Global
	GlobalSection(SolutionConfigurationPlatforms) = preSolution
		Debug|Any CPU = Debug|Any CPU
		Release|Any CPU = Release|Any CPU
	EndGlobalSection
	GlobalSection(ProjectConfigurationPlatforms) = postSolution
		{8AAE6183-331D-49F5-95BF-F03C8F22E5C3}.Debug|Any CPU.ActiveCfg = Debug|Any CPU
		{8AAE6183-331D-49F5-95BF-F03C8F22E5C3}.Debug|Any CPU.Build.0 = Debug|Any CPU
		{8AAE6183-331D-49F5-95BF-F03C8F22E5C3}.Release|Any CPU.ActiveCfg = Release|Any CPU
		{8AAE6183-331D-49F5-95BF-F03C8F22E5C3}.Release|Any CPU.Build.0 = Release|Any CPU
	EndGlobalSection
	GlobalSection(SolutionProperties) = preSolution
		HideSolutionNode = FALSE
	EndGlobalSection
	GlobalSection(ExtensibilityGlobals) = postSolution
		SolutionGuid = {B993D72A-CC9B-4344-8E90-119F7EC943BC}
	EndGlobalSection
EndGlobal
