
Microsoft Visual Studio Solution File, Format Version 12.00
# Visual Studio Version 16
VisualStudioVersion = 16.0.31205.134
MinimumVisualStudioVersion = 10.0.40219.1
Project("{9A19103F-16F7-4668-BE54-9A1E7A4F7556}") = "CS026_SplitMethod", "CS026_SplitMethod\CS026_SplitMethod.csproj", "{0AD81FB9-F6AF-4F02-8810-9D1B19ED6D26}"
EndProject
Project("{FAE04EC0-301F-11D3-BF4B-00C04F79EFBC}") = "CS026_SplitMethod_2", "CS026_SplitMethod_2\CS026_SplitMethod_2.csproj", "{70F43F98-8868-4DAB-A57C-C73A476BE112}"
EndProject
Global
	GlobalSection(SolutionConfigurationPlatforms) = preSolution
		Debug|Any CPU = Debug|Any CPU
		Release|Any CPU = Release|Any CPU
	EndGlobalSection
	GlobalSection(ProjectConfigurationPlatforms) = postSolution
		{0AD81FB9-F6AF-4F02-8810-9D1B19ED6D26}.Debug|Any CPU.ActiveCfg = Debug|Any CPU
		{0AD81FB9-F6AF-4F02-8810-9D1B19ED6D26}.Debug|Any CPU.Build.0 = Debug|Any CPU
		{0AD81FB9-F6AF-4F02-8810-9D1B19ED6D26}.Release|Any CPU.ActiveCfg = Release|Any CPU
		{0AD81FB9-F6AF-4F02-8810-9D1B19ED6D26}.Release|Any CPU.Build.0 = Release|Any CPU
		{70F43F98-8868-4DAB-A57C-C73A476BE112}.Debug|Any CPU.ActiveCfg = Debug|Any CPU
		{70F43F98-8868-4DAB-A57C-C73A476BE112}.Debug|Any CPU.Build.0 = Debug|Any CPU
		{70F43F98-8868-4DAB-A57C-C73A476BE112}.Release|Any CPU.ActiveCfg = Release|Any CPU
		{70F43F98-8868-4DAB-A57C-C73A476BE112}.Release|Any CPU.Build.0 = Release|Any CPU
	EndGlobalSection
	GlobalSection(SolutionProperties) = preSolution
		HideSolutionNode = FALSE
	EndGlobalSection
	GlobalSection(ExtensibilityGlobals) = postSolution
		SolutionGuid = {2B57B887-407C-40A2-80B7-9C828200C147}
	EndGlobalSection
EndGlobal
